
Microsoft Visual Studio Solution File, Format Version 12.00
# Visual Studio 15
VisualStudioVersion = 15.0.28307.757
MinimumVisualStudioVersion = 10.0.40219.1
Project("{FAE04EC0-301F-11D3-BF4B-00C04F79EFBC}") = "HackerRank", "HackerRank\HackerRank.csproj", "{10E76EA9-B0C8-4158-BD2D-D549F898C0C5}"
EndProject
Global
	GlobalSection(SolutionConfigurationPlatforms) = preSolution
		Debug|Any CPU = Debug|Any CPU
		Release|Any CPU = Release|Any CPU
	EndGlobalSection
	GlobalSection(ProjectConfigurationPlatforms) = postSolution
		{10E76EA9-B0C8-4158-BD2D-D549F898C0C5}.Debug|Any CPU.ActiveCfg = Debug|Any CPU
		{10E76EA9-B0C8-4158-BD2D-D549F898C0C5}.Debug|Any CPU.Build.0 = Debug|Any CPU
		{10E76EA9-B0C8-4158-BD2D-D549F898C0C5}.Release|Any CPU.ActiveCfg = Release|Any CPU
		{10E76EA9-B0C8-4158-BD2D-D549F898C0C5}.Release|Any CPU.Build.0 = Release|Any CPU
	EndGlobalSection
	GlobalSection(SolutionProperties) = preSolution
		HideSolutionNode = FALSE
	EndGlobalSection
	GlobalSection(ExtensibilityGlobals) = postSolution
		SolutionGuid = {79BE6757-3C60-4222-AF06-6937A6CAB2A6}
	EndGlobalSection
EndGlobal
